
Microsoft Visual Studio Solution File, Format Version 12.00
# Visual Studio Version 16
VisualStudioVersion = 16.0.29411.108
MinimumVisualStudioVersion = 10.0.40219.1
Project("{FAE04EC0-301F-11D3-BF4B-00C04F79EFBC}") = "AlphaMiner", "AlphaMiner.csproj", "{43D49D96-FD6F-4D05-B056-13AEBA991496}"
EndProject
Global
	GlobalSection(SolutionConfigurationPlatforms) = preSolution
		Debug|Any CPU = Debug|Any CPU
		Release|Any CPU = Release|Any CPU
	EndGlobalSection
	GlobalSection(ProjectConfigurationPlatforms) = postSolution
		{43D49D96-FD6F-4D05-B056-13AEBA991496}.Debug|Any CPU.ActiveCfg = Debug|Any CPU
		{43D49D96-FD6F-4D05-B056-13AEBA991496}.Debug|Any CPU.Build.0 = Debug|Any CPU
		{43D49D96-FD6F-4D05-B056-13AEBA991496}.Release|Any CPU.ActiveCfg = Release|Any CPU
		{43D49D96-FD6F-4D05-B056-13AEBA991496}.Release|Any CPU.Build.0 = Release|Any CPU
	EndGlobalSection
	GlobalSection(SolutionProperties) = preSolution
		HideSolutionNode = FALSE
	EndGlobalSection
	GlobalSection(ExtensibilityGlobals) = postSolution
		SolutionGuid = {A79B0A21-B054-4B09-A015-46AFA22DFC59}
	EndGlobalSection
EndGlobal
